
Microsoft Visual Studio Solution File, Format Version 12.00
# Visual Studio Version 16
VisualStudioVersion = 16.0.31205.134
MinimumVisualStudioVersion = 10.0.40219.1
Project("{888888A0-9F3D-457C-B088-3A5042F75D52}") = "StockData", "StockData\StockData.pyproj", "{4D140AE9-D6AD-49CD-9873-5EB605D1C020}"
EndProject
Global
	GlobalSection(SolutionConfigurationPlatforms) = preSolution
		Debug|Any CPU = Debug|Any CPU
		Release|Any CPU = Release|Any CPU
	EndGlobalSection
	GlobalSection(ProjectConfigurationPlatforms) = postSolution
		{4D140AE9-D6AD-49CD-9873-5EB605D1C020}.Debug|Any CPU.ActiveCfg = Debug|Any CPU
		{4D140AE9-D6AD-49CD-9873-5EB605D1C020}.Release|Any CPU.ActiveCfg = Release|Any CPU
	EndGlobalSection
	GlobalSection(SolutionProperties) = preSolution
		HideSolutionNode = FALSE
	EndGlobalSection
	GlobalSection(ExtensibilityGlobals) = postSolution
		SolutionGuid = {A9943FC7-2FC0-4FAA-9B39-58505892CBAF}
	EndGlobalSection
EndGlobal
